
Microsoft Visual Studio Solution File, Format Version 12.00
# Visual Studio Version 17
VisualStudioVersion = 17.7.34031.279
MinimumVisualStudioVersion = 10.0.40219.1
Project("{FAE04EC0-301F-11D3-BF4B-00C04F79EFBC}") = "Lab4App", "Lab4App\Lab4App.csproj", "{B81B060D-98C9-44F9-BA01-E4491AD1E7E3}"
EndProject
Project("{FAE04EC0-301F-11D3-BF4B-00C04F79EFBC}") = "Lab4Classes", "Lab4Classes\Lab4Classes.csproj", "{24142F0E-BEEF-4AB4-A091-2DFC09EB6551}"
EndProject
Global
	GlobalSection(SolutionConfigurationPlatforms) = preSolution
		Debug|Any CPU = Debug|Any CPU
		Release|Any CPU = Release|Any CPU
	EndGlobalSection
	GlobalSection(ProjectConfigurationPlatforms) = postSolution
		{B81B060D-98C9-44F9-BA01-E4491AD1E7E3}.Debug|Any CPU.ActiveCfg = Debug|Any CPU
		{B81B060D-98C9-44F9-BA01-E4491AD1E7E3}.Debug|Any CPU.Build.0 = Debug|Any CPU
		{B81B060D-98C9-44F9-BA01-E4491AD1E7E3}.Release|Any CPU.ActiveCfg = Release|Any CPU
		{B81B060D-98C9-44F9-BA01-E4491AD1E7E3}.Release|Any CPU.Build.0 = Release|Any CPU
		{24142F0E-BEEF-4AB4-A091-2DFC09EB6551}.Debug|Any CPU.ActiveCfg = Debug|Any CPU
		{24142F0E-BEEF-4AB4-A091-2DFC09EB6551}.Debug|Any CPU.Build.0 = Debug|Any CPU
		{24142F0E-BEEF-4AB4-A091-2DFC09EB6551}.Release|Any CPU.ActiveCfg = Release|Any CPU
		{24142F0E-BEEF-4AB4-A091-2DFC09EB6551}.Release|Any CPU.Build.0 = Release|Any CPU
	EndGlobalSection
	GlobalSection(SolutionProperties) = preSolution
		HideSolutionNode = FALSE
	EndGlobalSection
	GlobalSection(ExtensibilityGlobals) = postSolution
		SolutionGuid = {27F177AD-3D2C-4F7C-9284-D09E5F8A529F}
	EndGlobalSection
EndGlobal
