
Microsoft Visual Studio Solution File, Format Version 12.00
# Visual Studio Version 17
VisualStudioVersion = 17.7.34031.279
MinimumVisualStudioVersion = 10.0.40219.1
Project("{FAE04EC0-301F-11D3-BF4B-00C04F79EFBC}") = "Lab5WebApp", "Lab5WebApp\Lab5WebApp.csproj", "{E27FDF6C-4018-4AA8-9BA1-92B2700BD0FF}"
EndProject
Project("{FAE04EC0-301F-11D3-BF4B-00C04F79EFBC}") = "Lab5Classes", "Lab5Classes\Lab5Classes.csproj", "{1A3A6EB5-20B6-410B-989C-CC47E6D29556}"
EndProject
Global
	GlobalSection(SolutionConfigurationPlatforms) = preSolution
		Debug|Any CPU = Debug|Any CPU
		Release|Any CPU = Release|Any CPU
	EndGlobalSection
	GlobalSection(ProjectConfigurationPlatforms) = postSolution
		{E27FDF6C-4018-4AA8-9BA1-92B2700BD0FF}.Debug|Any CPU.ActiveCfg = Debug|Any CPU
		{E27FDF6C-4018-4AA8-9BA1-92B2700BD0FF}.Debug|Any CPU.Build.0 = Debug|Any CPU
		{E27FDF6C-4018-4AA8-9BA1-92B2700BD0FF}.Release|Any CPU.ActiveCfg = Release|Any CPU
		{E27FDF6C-4018-4AA8-9BA1-92B2700BD0FF}.Release|Any CPU.Build.0 = Release|Any CPU
		{1A3A6EB5-20B6-410B-989C-CC47E6D29556}.Debug|Any CPU.ActiveCfg = Debug|Any CPU
		{1A3A6EB5-20B6-410B-989C-CC47E6D29556}.Debug|Any CPU.Build.0 = Debug|Any CPU
		{1A3A6EB5-20B6-410B-989C-CC47E6D29556}.Release|Any CPU.ActiveCfg = Release|Any CPU
		{1A3A6EB5-20B6-410B-989C-CC47E6D29556}.Release|Any CPU.Build.0 = Release|Any CPU
	EndGlobalSection
	GlobalSection(SolutionProperties) = preSolution
		HideSolutionNode = FALSE
	EndGlobalSection
	GlobalSection(ExtensibilityGlobals) = postSolution
		SolutionGuid = {4A32580F-B128-48F8-AE30-79D3C57BD320}
	EndGlobalSection
EndGlobal
